{
	"name": "enact-form",
	"version": "1.0.0",
	"lockfileVersion": 1,
	"requires": true,
	"dependencies": {
		"@babel/runtime": {
			"version": "7.14.0",
			"resolved": "https://registry.npmjs.org/@babel/runtime/-/runtime-7.14.0.tgz",
			"integrity": "sha512-JELkvo/DlpNdJ7dlyw/eY7E0suy5i5GQH+Vlxaq1nsNJ+H7f4Vtv3jMeCEgRhZZQFXTjldYfQgv2qmM6M1v5wA==",
			"requires": {
				"regenerator-runtime": "^0.13.4"
			}
		},
		"@enact/core": {
			"version": "4.0.2",
			"resolved": "https://registry.npmjs.org/@enact/core/-/core-4.0.2.tgz",
			"integrity": "sha512-ERXpywg/G4/YxNyYfgUlipUFbI803eT2R0StAi/R/QKrzLBWU9Ldtg9mxSig7Q4c8PmPZYtMkwziQdKLBjhTzA==",
			"requires": {
				"classnames": "^2.2.5",
				"invariant": "^2.2.2",
				"prop-types": "^15.7.2",
				"ramda": "^0.24.1",
				"react": "^17.0.1",
				"react-dom": "^17.0.1",
				"react-is": "^17.0.1",
				"recompose": "^0.30.0",
				"warning": "^4.0.3"
			}
		},
		"@enact/i18n": {
			"version": "4.0.2",
			"resolved": "https://registry.npmjs.org/@enact/i18n/-/i18n-4.0.2.tgz",
			"integrity": "sha512-qKtUvZxFzxv8KaXqHCMPBl5hg+39XQhSF5Zeydxn9sI4h0uA1ThPzkAUGgeikWN+XeC2tN6Khi86zIkT29Zo2A==",
			"requires": {
				"@enact/core": "^4.0.2",
				"prop-types": "^15.7.2",
				"ramda": "^0.24.1",
				"react": "^17.0.1",
				"react-dom": "^17.0.1",
				"xhr": "^2.4.1"
			}
		},
		"@enact/moonstone": {
			"version": "4.0.0",
			"resolved": "https://registry.npmjs.org/@enact/moonstone/-/moonstone-4.0.0.tgz",
			"integrity": "sha512-KIiimX3gyNQAEQJ5eAk04lwL+35VI5TcsWEhLgUadnMjrPgBUTUDTL4SUw+pi7dsy2ktHMzm9a0DiJRd2g/n5A==",
			"requires": {
				"@enact/core": "^4.0.0",
				"@enact/i18n": "^4.0.0",
				"@enact/spotlight": "^4.0.0",
				"@enact/ui": "^4.0.0",
				"classnames": "^2.2.5",
				"ilib": "^14.2.0",
				"invariant": "^2.2.2",
				"prop-types": "^15.7.2",
				"ramda": "^0.24.1",
				"react": "^17.0.1",
				"react-dom": "^17.0.1",
				"recompose": "^0.26.0",
				"warning": "^3.0.0"
			},
			"dependencies": {
				"ilib": {
					"version": "14.9.0",
					"resolved": "https://registry.npmjs.org/ilib/-/ilib-14.9.0.tgz",
					"integrity": "sha512-iZfQFmtb3jwxprzCoCjUsA4dtFzPLyXfF2z+s8Mch3tVKKbbk/cbcam+EPs77uH2fSeCugyGwLWdq7ftVrS0fA=="
				},
				"recompose": {
					"version": "0.26.0",
					"resolved": "https://registry.npmjs.org/recompose/-/recompose-0.26.0.tgz",
					"integrity": "sha512-KwOu6ztO0mN5vy3+zDcc45lgnaUoaQse/a5yLVqtzTK13czSWnFGmXbQVmnoMgDkI5POd1EwIKSbjU1V7xdZog==",
					"requires": {
						"change-emitter": "^0.1.2",
						"fbjs": "^0.8.1",
						"hoist-non-react-statics": "^2.3.1",
						"symbol-observable": "^1.0.4"
					}
				},
				"warning": {
					"version": "3.0.0",
					"resolved": "https://registry.npmjs.org/warning/-/warning-3.0.0.tgz",
					"integrity": "sha1-MuU3fLVy3kqwR1O9+IIcAe1gW3w=",
					"requires": {
						"loose-envify": "^1.0.0"
					}
				}
			}
		},
		"@enact/sandstone": {
			"version": "2.0.0-beta.1",
			"resolved": "https://registry.npmjs.org/@enact/sandstone/-/sandstone-2.0.0-beta.1.tgz",
			"integrity": "sha512-HudTnXPPkFCFf5eBMc61kv5xxpLqyNRuxJAFRer47YnMn48mVu3q5WyN6Ava/GpyJNMsruW+mMevn+MczJi3Gw==",
			"requires": {
				"@enact/core": "^4.0.1",
				"@enact/i18n": "^4.0.1",
				"@enact/spotlight": "^4.0.1",
				"@enact/ui": "^4.0.1",
				"@enact/webos": "^4.0.1",
				"classnames": "^2.2.5",
				"ilib": "^14.4.0",
				"invariant": "^2.2.2",
				"prop-types": "^15.7.2",
				"ramda": "^0.24.1",
				"react": "^17.0.1",
				"react-dom": "^17.0.1",
				"recompose": "^0.30.0",
				"warning": "^3.0.0"
			},
			"dependencies": {
				"ilib": {
					"version": "14.9.0",
					"resolved": "https://registry.npmjs.org/ilib/-/ilib-14.9.0.tgz",
					"integrity": "sha512-iZfQFmtb3jwxprzCoCjUsA4dtFzPLyXfF2z+s8Mch3tVKKbbk/cbcam+EPs77uH2fSeCugyGwLWdq7ftVrS0fA=="
				},
				"warning": {
					"version": "3.0.0",
					"resolved": "https://registry.npmjs.org/warning/-/warning-3.0.0.tgz",
					"integrity": "sha1-MuU3fLVy3kqwR1O9+IIcAe1gW3w=",
					"requires": {
						"loose-envify": "^1.0.0"
					}
				}
			}
		},
		"@enact/spotlight": {
			"version": "4.0.2",
			"resolved": "https://registry.npmjs.org/@enact/spotlight/-/spotlight-4.0.2.tgz",
			"integrity": "sha512-siMO0T3h2waxBkfavtHvlcRT2k9ixD3JxpCQLcxJNBBgVI4ERI3AqQO7LEmVISKfSLDRAmAX2GxJl5LwBCIE1A==",
			"requires": {
				"@enact/core": "^4.0.2",
				"classnames": "^2.2.6",
				"prop-types": "^15.7.2",
				"ramda": "^0.24.1",
				"react": "^17.0.1",
				"react-dom": "^17.0.1",
				"warning": "^3.0.0"
			},
			"dependencies": {
				"warning": {
					"version": "3.0.0",
					"resolved": "https://registry.npmjs.org/warning/-/warning-3.0.0.tgz",
					"integrity": "sha1-MuU3fLVy3kqwR1O9+IIcAe1gW3w=",
					"requires": {
						"loose-envify": "^1.0.0"
					}
				}
			}
		},
		"@enact/ui": {
			"version": "4.0.2",
			"resolved": "https://registry.npmjs.org/@enact/ui/-/ui-4.0.2.tgz",
			"integrity": "sha512-FqyeLNzscXWUJqw7LSaAeDNOzxPKmxUs2m8L1Xq3ITqDIAfVxNImmU+gZMnz/ZmsvYqI3JNzAFTg6I027tOKLg==",
			"requires": {
				"@enact/core": "^4.0.2",
				"classnames": "^2.2.5",
				"direction": "^1.0.1",
				"invariant": "^2.2.2",
				"prop-types": "^15.7.2",
				"ramda": "^0.24.1",
				"react": "^17.0.1",
				"react-dom": "^17.0.1",
				"react-is": "^17.0.1",
				"recompose": "^0.30.0",
				"warning": "^3.0.0"
			},
			"dependencies": {
				"warning": {
					"version": "3.0.0",
					"resolved": "https://registry.npmjs.org/warning/-/warning-3.0.0.tgz",
					"integrity": "sha1-MuU3fLVy3kqwR1O9+IIcAe1gW3w=",
					"requires": {
						"loose-envify": "^1.0.0"
					}
				}
			}
		},
		"@enact/webos": {
			"version": "4.0.2",
			"resolved": "https://registry.npmjs.org/@enact/webos/-/webos-4.0.2.tgz",
			"integrity": "sha512-YkAobeDDsjS6eJtZpkFmq/8QXq4rP2lz1IZeVrlPxtZa0RWwhvqDxvwsrOOm7LqFLhd7FH/tMa+HXFD5wVvpbg==",
			"requires": {
				"@enact/core": "^4.0.2",
				"prop-types": "^15.7.2",
				"react": "^17.0.1",
				"react-dom": "^17.0.1"
			}
		},
		"@hookform/error-message": {
			"version": "2.0.0",
			"resolved": "https://registry.npmjs.org/@hookform/error-message/-/error-message-2.0.0.tgz",
			"integrity": "sha512-Y90nHzjgL2MP7GFy75kscdvxrCTjtyxGmOLLxX14nd08OXRIh9lMH/y9Kpdo0p1IPowJBiZMHyueg7p+yrqynQ=="
		},
		"@types/hoist-non-react-statics": {
			"version": "3.3.1",
			"resolved": "https://registry.npmjs.org/@types/hoist-non-react-statics/-/hoist-non-react-statics-3.3.1.tgz",
			"integrity": "sha512-iMIqiko6ooLrTh1joXodJK5X9xeEALT1kM5G3ZLhD3hszxBdIEd5C75U834D9mLcINgD4OyZf5uQXjkuYydWvA==",
			"requires": {
				"@types/react": "*",
				"hoist-non-react-statics": "^3.3.0"
			},
			"dependencies": {
				"hoist-non-react-statics": {
					"version": "3.3.2",
					"resolved": "https://registry.npmjs.org/hoist-non-react-statics/-/hoist-non-react-statics-3.3.2.tgz",
					"integrity": "sha512-/gGivxi8JPKWNm/W0jSmzcMPpfpPLc3dY/6GxhX2hQ9iGj3aDfklV4ET7NjKpSinLpJ5vafa9iiGIEZg10SfBw==",
					"requires": {
						"react-is": "^16.7.0"
					}
				},
				"react-is": {
					"version": "16.13.1",
					"resolved": "https://registry.npmjs.org/react-is/-/react-is-16.13.1.tgz",
					"integrity": "sha512-24e6ynE2H+OKt4kqsOvNd8kBpV65zoxbA4BVsEOB3ARVWQki/DHzaUoC5KuON/BiccDaCCTZBuOcfZs70kR8bQ=="
				}
			}
		},
		"@types/lodash": {
			"version": "4.14.169",
			"resolved": "https://registry.npmjs.org/@types/lodash/-/lodash-4.14.169.tgz",
			"integrity": "sha512-DvmZHoHTFJ8zhVYwCLWbQ7uAbYQEk52Ev2/ZiQ7Y7gQGeV9pjBqjnQpECMHfKS1rCYAhMI7LHVxwyZLZinJgdw=="
		},
		"@types/prop-types": {
			"version": "15.7.3",
			"resolved": "https://registry.npmjs.org/@types/prop-types/-/prop-types-15.7.3.tgz",
			"integrity": "sha512-KfRL3PuHmqQLOG+2tGpRO26Ctg+Cq1E01D2DMriKEATHgWLfeNDmq9e29Q9WIky0dQ3NPkd1mzYH8Lm936Z9qw=="
		},
		"@types/react": {
			"version": "17.0.5",
			"resolved": "https://registry.npmjs.org/@types/react/-/react-17.0.5.tgz",
			"integrity": "sha512-bj4biDB9ZJmGAYTWSKJly6bMr4BLUiBrx9ujiJEoP9XIDY9CTaPGxE5QWN/1WjpPLzYF7/jRNnV2nNxNe970sw==",
			"requires": {
				"@types/prop-types": "*",
				"@types/scheduler": "*",
				"csstype": "^3.0.2"
			},
			"dependencies": {
				"csstype": {
					"version": "3.0.8",
					"resolved": "https://registry.npmjs.org/csstype/-/csstype-3.0.8.tgz",
					"integrity": "sha512-jXKhWqXPmlUeoQnF/EhTtTl4C9SnrxSH/jZUih3jmO6lBKr99rP3/+FmrMj4EFpOXzMtXHAZkd3x0E6h6Fgflw=="
				}
			}
		},
		"@types/react-redux": {
			"version": "7.1.16",
			"resolved": "https://registry.npmjs.org/@types/react-redux/-/react-redux-7.1.16.tgz",
			"integrity": "sha512-f/FKzIrZwZk7YEO9E1yoxIuDNRiDducxkFlkw/GNMGEnK9n4K8wJzlJBghpSuOVDgEUHoDkDF7Gi9lHNQR4siw==",
			"requires": {
				"@types/hoist-non-react-statics": "^3.3.0",
				"@types/react": "*",
				"hoist-non-react-statics": "^3.3.0",
				"redux": "^4.0.0"
			},
			"dependencies": {
				"hoist-non-react-statics": {
					"version": "3.3.2",
					"resolved": "https://registry.npmjs.org/hoist-non-react-statics/-/hoist-non-react-statics-3.3.2.tgz",
					"integrity": "sha512-/gGivxi8JPKWNm/W0jSmzcMPpfpPLc3dY/6GxhX2hQ9iGj3aDfklV4ET7NjKpSinLpJ5vafa9iiGIEZg10SfBw==",
					"requires": {
						"react-is": "^16.7.0"
					}
				},
				"react-is": {
					"version": "16.13.1",
					"resolved": "https://registry.npmjs.org/react-is/-/react-is-16.13.1.tgz",
					"integrity": "sha512-24e6ynE2H+OKt4kqsOvNd8kBpV65zoxbA4BVsEOB3ARVWQki/DHzaUoC5KuON/BiccDaCCTZBuOcfZs70kR8bQ=="
				}
			}
		},
		"@types/scheduler": {
			"version": "0.16.1",
			"resolved": "https://registry.npmjs.org/@types/scheduler/-/scheduler-0.16.1.tgz",
			"integrity": "sha512-EaCxbanVeyxDRTQBkdLb3Bvl/HK7PBK6UJjsSixB0iHKoWxE5uu2Q/DgtpOhPIojN0Zl1whvOd7PoHs2P0s5eA=="
		},
		"array-union": {
			"version": "1.0.2",
			"resolved": "https://registry.npmjs.org/array-union/-/array-union-1.0.2.tgz",
			"integrity": "sha1-mjRBDk9OPaI96jdb5b5w8kd47Dk=",
			"dev": true,
			"requires": {
				"array-uniq": "^1.0.1"
			}
		},
		"array-uniq": {
			"version": "1.0.3",
			"resolved": "https://registry.npmjs.org/array-uniq/-/array-uniq-1.0.3.tgz",
			"integrity": "sha1-r2rId6Jcx/dOBYiUdThY39sk/bY=",
			"dev": true
		},
		"asap": {
			"version": "2.0.6",
			"resolved": "https://registry.npmjs.org/asap/-/asap-2.0.6.tgz",
			"integrity": "sha1-5QNHYR1+aQlDIIu9r+vLwvuGbUY="
		},
		"async": {
			"version": "2.6.3",
			"resolved": "https://registry.npmjs.org/async/-/async-2.6.3.tgz",
			"integrity": "sha512-zflvls11DCy+dQWzTW2dzuilv8Z5X/pjfmZOWba6TNIVDm+2UDaJmXSOXlasHKfNBs8oo3M0aT50fDEWfKZjXg==",
			"dev": true,
			"requires": {
				"lodash": "^4.17.14"
			}
		},
		"axios": {
			"version": "0.21.1",
			"resolved": "https://registry.npmjs.org/axios/-/axios-0.21.1.tgz",
			"integrity": "sha512-dKQiRHxGD9PPRIUNIWvZhPTPpl1rf/OxTYKsqKUDjBwYylTvV7SjSHJb9ratfyzM6wCdLCOYLzs73qpg5c4iGA==",
			"requires": {
				"follow-redirects": "^1.10.0"
			}
		},
		"balanced-match": {
			"version": "1.0.2",
			"resolved": "https://registry.npmjs.org/balanced-match/-/balanced-match-1.0.2.tgz",
			"integrity": "sha512-3oSeUO0TMV67hN1AmbXsK4yaqU7tjiHlbxRDZOpH0KW9+CeX4bRAaX0Anxt0tx2MrpRpWwQaPwIlISEJhYU5Pw==",
			"dev": true
		},
		"big.js": {
			"version": "5.2.2",
			"resolved": "https://registry.npmjs.org/big.js/-/big.js-5.2.2.tgz",
			"integrity": "sha512-vyL2OymJxmarO8gxMr0mhChsO9QGwhynfuu4+MHTAW6czfq9humCB7rKpUjDd9YUiDPU4mzpyupFSvOClAwbmQ=="
		},
		"brace-expansion": {
			"version": "1.1.11",
			"resolved": "https://registry.npmjs.org/brace-expansion/-/brace-expansion-1.1.11.tgz",
			"integrity": "sha512-iCuPHDFgrHX7H2vEI/5xpz07zSHB00TpugqhmYtVmMO6518mCuRMoOYFldEBl0g187ufozdaHgWKcYFb61qGiA==",
			"dev": true,
			"requires": {
				"balanced-match": "^1.0.0",
				"concat-map": "0.0.1"
			}
		},
		"change-emitter": {
			"version": "0.1.6",
			"resolved": "https://registry.npmjs.org/change-emitter/-/change-emitter-0.1.6.tgz",
			"integrity": "sha1-6LL+PX8at9aaMhma/5HqaTFAlRU="
		},
		"classnames": {
			"version": "2.3.1",
			"resolved": "https://registry.npmjs.org/classnames/-/classnames-2.3.1.tgz",
			"integrity": "sha512-OlQdbZ7gLfGarSqxesMesDa5uz7KFbID8Kpq/SxIoNGDqY8lSYs0D+hhtBXhcdB3rcbXArFr7vlHheLk1voeNA=="
		},
		"commander": {
			"version": "2.20.3",
			"resolved": "https://registry.npmjs.org/commander/-/commander-2.20.3.tgz",
			"integrity": "sha512-GpVkmM8vF2vQUkj2LvZmD35JxeJOLCwJ9cUkugyk2nuhbv3+mJvpLYYt+0+USMxE+oj+ey/lJEnhZw75x/OMcQ==",
			"dev": true
		},
		"commondir": {
			"version": "1.0.1",
			"resolved": "https://registry.npmjs.org/commondir/-/commondir-1.0.1.tgz",
			"integrity": "sha1-3dgA2gxmEnOTzKWVDqloo6rxJTs=",
			"dev": true
		},
		"concat-map": {
			"version": "0.0.1",
			"resolved": "https://registry.npmjs.org/concat-map/-/concat-map-0.0.1.tgz",
			"integrity": "sha1-2Klr13/Wjfd5OnMDajug1UBdR3s=",
			"dev": true
		},
		"core-js": {
			"version": "1.2.7",
			"resolved": "https://registry.npmjs.org/core-js/-/core-js-1.2.7.tgz",
			"integrity": "sha1-ZSKUwUZR2yj6k70tX/KYOk8IxjY="
		},
		"deepmerge": {
			"version": "4.2.2",
			"resolved": "https://registry.npmjs.org/deepmerge/-/deepmerge-4.2.2.tgz",
			"integrity": "sha512-FJ3UgI4gIl+PHZm53knsuSFpE+nESMr7M4v9QcgB7S63Kj/6WqMiFQJpBBYz1Pt+66bZpP3Q7Lye0Oo9MPKEdg=="
		},
		"direction": {
			"version": "1.0.4",
			"resolved": "https://registry.npmjs.org/direction/-/direction-1.0.4.tgz",
			"integrity": "sha512-GYqKi1aH7PJXxdhTeZBFrg8vUBeKXi+cNprXsC1kpJcbcVnV9wBsrOu1cQEdG0WeQwlfHiy3XvnKfIrJ2R0NzQ=="
		},
		"dom-walk": {
			"version": "0.1.2",
			"resolved": "https://registry.npmjs.org/dom-walk/-/dom-walk-0.1.2.tgz",
			"integrity": "sha512-6QvTW9mrGeIegrFXdtQi9pk7O/nSK6lSdXW2eqUspN5LWD7UTji2Fqw5V2YLjBpHEoU9Xl/eUWNpDeZvoyOv2w=="
		},
		"email-addresses": {
			"version": "3.1.0",
			"resolved": "https://registry.npmjs.org/email-addresses/-/email-addresses-3.1.0.tgz",
			"integrity": "sha512-k0/r7GrWVL32kZlGwfPNgB2Y/mMXVTq/decgLczm/j34whdaspNrZO8CnXPf1laaHxI6ptUlsnAxN+UAPw+fzg==",
			"dev": true
		},
		"emojis-list": {
			"version": "3.0.0",
			"resolved": "https://registry.npmjs.org/emojis-list/-/emojis-list-3.0.0.tgz",
			"integrity": "sha512-/kyM18EfinwXZbno9FyUGeFh87KC8HRQBQGildHZbEuRyWFOmv1U10o9BBp8XVZDVNNuQKyIGIu5ZYAAXJ0V2Q=="
		},
		"encoding": {
			"version": "0.1.13",
			"resolved": "https://registry.npmjs.org/encoding/-/encoding-0.1.13.tgz",
			"integrity": "sha512-ETBauow1T35Y/WZMkio9jiM0Z5xjHHmJ4XmjZOq1l/dXz3lr2sRn87nJy20RupqSh1F2m3HHPSp8ShIPQJrJ3A==",
			"requires": {
				"iconv-lite": "^0.6.2"
			}
		},
		"enquire.js": {
			"version": "2.1.6",
			"resolved": "https://registry.npmjs.org/enquire.js/-/enquire.js-2.1.6.tgz",
			"integrity": "sha1-PoeAybi4NQhMP2DhZtvDwqPImBQ="
		},
		"escape-string-regexp": {
			"version": "1.0.5",
			"resolved": "https://registry.npmjs.org/escape-string-regexp/-/escape-string-regexp-1.0.5.tgz",
			"integrity": "sha1-G2HAViGQqN/2rjuyzwIAyhMLhtQ=",
			"dev": true
		},
		"eventemitter3": {
			"version": "4.0.7",
			"resolved": "https://registry.npmjs.org/eventemitter3/-/eventemitter3-4.0.7.tgz",
			"integrity": "sha512-8guHBZCwKnFhYdHr2ysuRWErTwhoN2X8XELRlrRwpmfeY2jjuUN4taQMsULKUVo1K4DvZl+0pgfyoysHxvmvEw=="
		},
		"fast-levenshtein": {
			"version": "2.0.6",
			"resolved": "https://registry.npmjs.org/fast-levenshtein/-/fast-levenshtein-2.0.6.tgz",
			"integrity": "sha1-PYpcZog6FqMMqGQ+hR8Zuqd5eRc="
		},
		"fbjs": {
			"version": "0.8.17",
			"resolved": "https://registry.npmjs.org/fbjs/-/fbjs-0.8.17.tgz",
			"integrity": "sha1-xNWY6taUkRJlPWWIsBpc3Nn5D90=",
			"requires": {
				"core-js": "^1.0.0",
				"isomorphic-fetch": "^2.1.1",
				"loose-envify": "^1.0.0",
				"object-assign": "^4.1.0",
				"promise": "^7.1.1",
				"setimmediate": "^1.0.5",
				"ua-parser-js": "^0.7.18"
			}
		},
		"filename-reserved-regex": {
			"version": "2.0.0",
			"resolved": "https://registry.npmjs.org/filename-reserved-regex/-/filename-reserved-regex-2.0.0.tgz",
			"integrity": "sha1-q/c9+rc10EVECr/qLZHzieu/oik=",
			"dev": true
		},
		"filenamify": {
			"version": "4.3.0",
			"resolved": "https://registry.npmjs.org/filenamify/-/filenamify-4.3.0.tgz",
			"integrity": "sha512-hcFKyUG57yWGAzu1CMt/dPzYZuv+jAJUT85bL8mrXvNe6hWj6yEHEc4EdcgiA6Z3oi1/9wXJdZPXF2dZNgwgOg==",
			"dev": true,
			"requires": {
				"filename-reserved-regex": "^2.0.0",
				"strip-outer": "^1.0.1",
				"trim-repeated": "^1.0.0"
			}
		},
		"find-cache-dir": {
			"version": "3.3.2",
			"resolved": "https://registry.npmjs.org/find-cache-dir/-/find-cache-dir-3.3.2.tgz",
			"integrity": "sha512-wXZV5emFEjrridIgED11OoUKLxiYjAcqot/NJdAkOhlJ+vGzwhOAfcG5OX1jP+S0PcjEn8bdMJv+g2jwQ3Onig==",
			"dev": true,
			"requires": {
				"commondir": "^1.0.1",
				"make-dir": "^3.0.2",
				"pkg-dir": "^4.1.0"
			}
		},
		"find-up": {
			"version": "4.1.0",
			"resolved": "https://registry.npmjs.org/find-up/-/find-up-4.1.0.tgz",
			"integrity": "sha512-PpOwAdQ/YlXQ2vj8a3h8IipDuYRi3wceVQQGYWxNINccq40Anw7BlsEXCMbt1Zt+OLA6Fq9suIpIWD0OsnISlw==",
			"dev": true,
			"requires": {
				"locate-path": "^5.0.0",
				"path-exists": "^4.0.0"
			}
		},
		"follow-redirects": {
			"version": "1.14.1",
			"resolved": "https://registry.npmjs.org/follow-redirects/-/follow-redirects-1.14.1.tgz",
			"integrity": "sha512-HWqDgT7ZEkqRzBvc2s64vSZ/hfOceEol3ac/7tKwzuvEyWx3/4UegXh5oBOIotkGsObyk3xznnSRVADBgWSQVg=="
		},
		"fs-extra": {
			"version": "8.1.0",
			"resolved": "https://registry.npmjs.org/fs-extra/-/fs-extra-8.1.0.tgz",
			"integrity": "sha512-yhlQgA6mnOJUKOsRUFsgJdQCvkKhcz8tlZG5HBQfReYZy46OwLcY+Zia0mtdHsOo9y/hP+CxMN0TU9QxoOtG4g==",
			"dev": true,
			"requires": {
				"graceful-fs": "^4.2.0",
				"jsonfile": "^4.0.0",
				"universalify": "^0.1.0"
			}
		},
		"fs.realpath": {
			"version": "1.0.0",
			"resolved": "https://registry.npmjs.org/fs.realpath/-/fs.realpath-1.0.0.tgz",
			"integrity": "sha1-FQStJSMVjKpA20onh8sBQRmU6k8=",
			"dev": true
		},
		"gh-pages": {
			"version": "3.2.3",
			"resolved": "https://registry.npmjs.org/gh-pages/-/gh-pages-3.2.3.tgz",
			"integrity": "sha512-jA1PbapQ1jqzacECfjUaO9gV8uBgU6XNMV0oXLtfCX3haGLe5Atq8BxlrADhbD6/UdG9j6tZLWAkAybndOXTJg==",
			"dev": true,
			"requires": {
				"async": "^2.6.1",
				"commander": "^2.18.0",
				"email-addresses": "^3.0.1",
				"filenamify": "^4.3.0",
				"find-cache-dir": "^3.3.1",
				"fs-extra": "^8.1.0",
				"globby": "^6.1.0"
			}
		},
		"glob": {
			"version": "7.2.0",
			"resolved": "https://registry.npmjs.org/glob/-/glob-7.2.0.tgz",
			"integrity": "sha512-lmLf6gtyrPq8tTjSmrO94wBeQbFR3HbLHbuyD69wuyQkImp2hWqMGB47OX65FBkPffO641IP9jWa1z4ivqG26Q==",
			"dev": true,
			"requires": {
				"fs.realpath": "^1.0.0",
				"inflight": "^1.0.4",
				"inherits": "2",
				"minimatch": "^3.0.4",
				"once": "^1.3.0",
				"path-is-absolute": "^1.0.0"
			}
		},
		"global": {
			"version": "4.4.0",
			"resolved": "https://registry.npmjs.org/global/-/global-4.4.0.tgz",
			"integrity": "sha512-wv/LAoHdRE3BeTGz53FAamhGlPLhlssK45usmGFThIi4XqnBmjKQ16u+RNbP7WvigRZDxUsM0J3gcQ5yicaL0w==",
			"requires": {
				"min-document": "^2.19.0",
				"process": "^0.11.10"
			}
		},
		"globby": {
			"version": "6.1.0",
			"resolved": "https://registry.npmjs.org/globby/-/globby-6.1.0.tgz",
			"integrity": "sha1-9abXDoOV4hyFj7BInWTfAkJNUGw=",
			"dev": true,
			"requires": {
				"array-union": "^1.0.1",
				"glob": "^7.0.3",
				"object-assign": "^4.0.1",
				"pify": "^2.0.0",
				"pinkie-promise": "^2.0.0"
			}
		},
		"graceful-fs": {
			"version": "4.2.8",
			"resolved": "https://registry.npmjs.org/graceful-fs/-/graceful-fs-4.2.8.tgz",
			"integrity": "sha512-qkIilPUYcNhJpd33n0GBXTB1MMPp14TxEsEs0pTrsSVucApsYzW5V+Q8Qxhik6KU3evy+qkAAowTByymK0avdg==",
			"dev": true
		},
		"history": {
			"version": "4.10.1",
			"resolved": "https://registry.npmjs.org/history/-/history-4.10.1.tgz",
			"integrity": "sha512-36nwAD620w12kuzPAsyINPWJqlNbij+hpK1k9XRloDtym8mxzGYl2c17LnV6IAGB2Dmg4tEa7G7DlawS0+qjew==",
			"requires": {
				"@babel/runtime": "^7.1.2",
				"loose-envify": "^1.2.0",
				"resolve-pathname": "^3.0.0",
				"tiny-invariant": "^1.0.2",
				"tiny-warning": "^1.0.0",
				"value-equal": "^1.0.1"
			}
		},
		"hls.js": {
			"version": "0.14.17",
			"resolved": "https://registry.npmjs.org/hls.js/-/hls.js-0.14.17.tgz",
			"integrity": "sha512-25A7+m6qqp6UVkuzUQ//VVh2EEOPYlOBg32ypr34bcPO7liBMOkKFvbjbCBfiPAOTA/7BSx1Dujft3Th57WyFg==",
			"requires": {
				"eventemitter3": "^4.0.3",
				"url-toolkit": "^2.1.6"
			}
		},
		"hoist-non-react-statics": {
			"version": "2.5.5",
			"resolved": "https://registry.npmjs.org/hoist-non-react-statics/-/hoist-non-react-statics-2.5.5.tgz",
			"integrity": "sha512-rqcy4pJo55FTTLWt+bU8ukscqHeE/e9KWvsOW2b/a3afxQZhwkQdT1rPPCJ0rYXdj4vNcasY8zHTH+jF/qStxw=="
		},
		"iconv-lite": {
			"version": "0.6.3",
			"resolved": "https://registry.npmjs.org/iconv-lite/-/iconv-lite-0.6.3.tgz",
			"integrity": "sha512-4fCk79wshMdzMp2rH06qWrJE4iolqLhCUH+OiuIgU++RB0+94NlDL81atO7GX55uUKueo0txHNtvEyI6D7WdMw==",
			"requires": {
				"safer-buffer": ">= 2.1.2 < 3.0.0"
			}
		},
		"ilib": {
			"version": "npm:ilib-webos@14.6.2-webos1",
			"resolved": "https://registry.npmjs.org/ilib-webos/-/ilib-webos-14.6.2-webos1.tgz",
			"integrity": "sha512-ARxB3LdKZcZNJ394TRjSDOVnVTcoStLUamI0YNV8dHNWBIJzJxvzU79Ihf89eiq/z8uGhYvYqxUihF2NR80N9g=="
		},
		"inflight": {
			"version": "1.0.6",
			"resolved": "https://registry.npmjs.org/inflight/-/inflight-1.0.6.tgz",
			"integrity": "sha1-Sb1jMdfQLQwJvJEKEHW6gWW1bfk=",
			"dev": true,
			"requires": {
				"once": "^1.3.0",
				"wrappy": "1"
			}
		},
		"inherits": {
			"version": "2.0.4",
			"resolved": "https://registry.npmjs.org/inherits/-/inherits-2.0.4.tgz",
			"integrity": "sha512-k/vGaX4/Yla3WzyMCvTQOXYeIHvqOKtnqBduzTHpzpQZzAskKMhZ2K+EnBiSM9zGSoIFeMpXKxa4dYeZIQqewQ==",
			"dev": true
		},
		"invariant": {
			"version": "2.2.4",
			"resolved": "https://registry.npmjs.org/invariant/-/invariant-2.2.4.tgz",
			"integrity": "sha512-phJfQVBuaJM5raOpJjSfkiD6BpbCE4Ns//LaXl6wGYtUBY83nWS6Rf9tXm2e8VaK60JEjYldbPif/A2B1C2gNA==",
			"requires": {
				"loose-envify": "^1.0.0"
			}
		},
		"is-function": {
			"version": "1.0.2",
			"resolved": "https://registry.npmjs.org/is-function/-/is-function-1.0.2.tgz",
			"integrity": "sha512-lw7DUp0aWXYg+CBCN+JKkcE0Q2RayZnSvnZBlwgxHBQhqt5pZNVy4Ri7H9GmmXkdu7LUthszM+Tor1u/2iBcpQ=="
		},
		"is-stream": {
			"version": "1.1.0",
			"resolved": "https://registry.npmjs.org/is-stream/-/is-stream-1.1.0.tgz",
			"integrity": "sha1-EtSj3U5o4Lec6428hBc66A2RykQ="
		},
		"isarray": {
			"version": "0.0.1",
			"resolved": "https://registry.npmjs.org/isarray/-/isarray-0.0.1.tgz",
			"integrity": "sha1-ihis/Kmo9Bd+Cav8YDiTmwXR7t8="
		},
		"isomorphic-fetch": {
			"version": "2.2.1",
			"resolved": "https://registry.npmjs.org/isomorphic-fetch/-/isomorphic-fetch-2.2.1.tgz",
			"integrity": "sha1-YRrhrPFPXoH3KVB0coGf6XM1WKk=",
			"requires": {
				"node-fetch": "^1.0.1",
				"whatwg-fetch": ">=0.10.0"
			}
		},
		"js-tokens": {
			"version": "4.0.0",
			"resolved": "https://registry.npmjs.org/js-tokens/-/js-tokens-4.0.0.tgz",
			"integrity": "sha512-RdJUflcE3cUzKiMqQgsCu06FPu9UdIJO0beYbPhHN4k6apgJtifcoCtT9bcxOpYBtpD2kCM6Sbzg4CausW/PKQ=="
		},
		"json2mq": {
			"version": "0.2.0",
			"resolved": "https://registry.npmjs.org/json2mq/-/json2mq-0.2.0.tgz",
			"integrity": "sha1-tje9O6nqvhIsg+lyBIOusQ0skEo=",
			"requires": {
				"string-convert": "^0.2.0"
			}
		},
		"json5": {
			"version": "1.0.1",
			"resolved": "https://registry.npmjs.org/json5/-/json5-1.0.1.tgz",
			"integrity": "sha512-aKS4WQjPenRxiQsC93MNfjx+nbF4PAdYzmd/1JIj8HYzqfbu86beTuNgXDzPknWk0n0uARlyewZo4s++ES36Ow==",
			"requires": {
				"minimist": "^1.2.0"
			}
		},
		"jsonfile": {
			"version": "4.0.0",
			"resolved": "https://registry.npmjs.org/jsonfile/-/jsonfile-4.0.0.tgz",
			"integrity": "sha1-h3Gq4HmbZAdrdmQPygWPnBDjPss=",
			"dev": true,
			"requires": {
				"graceful-fs": "^4.1.6"
			}
		},
		"load-script": {
			"version": "1.0.0",
			"resolved": "https://registry.npmjs.org/load-script/-/load-script-1.0.0.tgz",
			"integrity": "sha1-BJGTngvuVkPuSUp+PaPSuscMbKQ="
		},
		"loader-utils": {
			"version": "1.4.0",
			"resolved": "https://registry.npmjs.org/loader-utils/-/loader-utils-1.4.0.tgz",
			"integrity": "sha512-qH0WSMBtn/oHuwjy/NucEgbx5dbxxnxup9s4PVXJUDHZBQY+s0NWA9rJf53RBnQZxfch7euUui7hpoAPvALZdA==",
			"requires": {
				"big.js": "^5.2.2",
				"emojis-list": "^3.0.0",
				"json5": "^1.0.1"
			}
		},
		"locate-path": {
			"version": "5.0.0",
			"resolved": "https://registry.npmjs.org/locate-path/-/locate-path-5.0.0.tgz",
			"integrity": "sha512-t7hw9pI+WvuwNJXwk5zVHpyhIqzg2qTlklJOf0mVxGSbe3Fp2VieZcduNYjaLDoy6p9uGpQEGWG87WpMKlNq8g==",
			"dev": true,
			"requires": {
				"p-locate": "^4.1.0"
			}
		},
		"lodash": {
			"version": "4.17.21",
			"resolved": "https://registry.npmjs.org/lodash/-/lodash-4.17.21.tgz",
			"integrity": "sha512-v2kDEe57lecTulaDIuNTPy3Ry4gLGJ6Z1O3vE1krgXZNrsQ+LFTGHVxVjcXPs17LhbZVGedAJv8XZ1tvj5FvSg=="
		},
		"lodash-es": {
			"version": "4.17.21",
			"resolved": "https://registry.npmjs.org/lodash-es/-/lodash-es-4.17.21.tgz",
			"integrity": "sha512-mKnC+QJ9pWVzv+C4/U3rRsHapFfHvQFoFB92e52xeyGMcX6/OlIl78je1u8vePzYZSkkogMPJ2yjxxsb89cxyw=="
		},
		"lodash.debounce": {
			"version": "4.0.8",
			"resolved": "https://registry.npmjs.org/lodash.debounce/-/lodash.debounce-4.0.8.tgz",
			"integrity": "sha1-gteb/zCmfEAF/9XiUVMArZyk168="
		},
		"loose-envify": {
			"version": "1.4.0",
			"resolved": "https://registry.npmjs.org/loose-envify/-/loose-envify-1.4.0.tgz",
			"integrity": "sha512-lyuxPGr/Wfhrlem2CL/UcnUc1zcqKAImBDzukY7Y5F/yQiNdko6+fRLevlw1HgMySw7f611UIY408EtxRSoK3Q==",
			"requires": {
				"js-tokens": "^3.0.0 || ^4.0.0"
			}
		},
		"make-dir": {
			"version": "3.1.0",
			"resolved": "https://registry.npmjs.org/make-dir/-/make-dir-3.1.0.tgz",
			"integrity": "sha512-g3FeP20LNwhALb/6Cz6Dd4F2ngze0jz7tbzrD2wAV+o9FeNHe4rL+yK2md0J/fiSf1sa1ADhXqi5+oVwOM/eGw==",
			"dev": true,
			"requires": {
				"semver": "^6.0.0"
			}
		},
		"memoize-one": {
			"version": "5.2.1",
			"resolved": "https://registry.npmjs.org/memoize-one/-/memoize-one-5.2.1.tgz",
			"integrity": "sha512-zYiwtZUcYyXKo/np96AGZAckk+FWWsUdJ3cHGGmld7+AhvcWmQyGCYUh1hc4Q/pkOhb65dQR/pqCyK0cOaHz4Q=="
		},
		"min-document": {
			"version": "2.19.0",
			"resolved": "https://registry.npmjs.org/min-document/-/min-document-2.19.0.tgz",
			"integrity": "sha1-e9KC4/WELtKVu3SM3Z8f+iyCRoU=",
			"requires": {
				"dom-walk": "^0.1.0"
			}
		},
		"mini-create-react-context": {
			"version": "0.4.1",
			"resolved": "https://registry.npmjs.org/mini-create-react-context/-/mini-create-react-context-0.4.1.tgz",
			"integrity": "sha512-YWCYEmd5CQeHGSAKrYvXgmzzkrvssZcuuQDDeqkT+PziKGMgE+0MCCtcKbROzocGBG1meBLl2FotlRwf4gAzbQ==",
			"requires": {
				"@babel/runtime": "^7.12.1",
				"tiny-warning": "^1.0.3"
			}
		},
		"minimatch": {
			"version": "3.0.4",
			"resolved": "https://registry.npmjs.org/minimatch/-/minimatch-3.0.4.tgz",
			"integrity": "sha512-yJHVQEhyqPLUTgt9B83PXu6W3rx4MvvHvSUvToogpwoGDOUQ+yDrR0HRot+yOCdCO7u4hX3pWft6kWBBcqh0UA==",
			"dev": true,
			"requires": {
				"brace-expansion": "^1.1.7"
			}
		},
		"minimist": {
			"version": "1.2.5",
			"resolved": "https://registry.npmjs.org/minimist/-/minimist-1.2.5.tgz",
			"integrity": "sha512-FM9nNUYrRBAELZQT3xeZQ7fmMOBg6nWNmJKTcgsJeaLstP/UODVpGsr5OhXhhXg6f+qtJ8uiZ+PUxkDWcgIXLw=="
		},
		"nanoclone": {
			"version": "0.2.1",
			"resolved": "https://registry.npmjs.org/nanoclone/-/nanoclone-0.2.1.tgz",
			"integrity": "sha512-wynEP02LmIbLpcYw8uBKpcfF6dmg2vcpKqxeH5UcoKEYdExslsdUA4ugFauuaeYdTB76ez6gJW8XAZ6CgkXYxA=="
		},
		"node-fetch": {
			"version": "1.7.3",
			"resolved": "https://registry.npmjs.org/node-fetch/-/node-fetch-1.7.3.tgz",
			"integrity": "sha512-NhZ4CsKx7cYm2vSrBAr2PvFOe6sWDf0UYLRqA6svUYg7+/TSfVAu49jYC4BvQ4Sms9SZgdqGBgroqfDhJdTyKQ==",
			"requires": {
				"encoding": "^0.1.11",
				"is-stream": "^1.0.1"
			}
		},
		"object-assign": {
			"version": "4.1.1",
			"resolved": "https://registry.npmjs.org/object-assign/-/object-assign-4.1.1.tgz",
			"integrity": "sha1-IQmtx5ZYh8/AXLvUQsrIv7s2CGM="
		},
		"once": {
			"version": "1.4.0",
			"resolved": "https://registry.npmjs.org/once/-/once-1.4.0.tgz",
			"integrity": "sha1-WDsap3WWHUsROsF9nFC6753Xa9E=",
			"dev": true,
			"requires": {
				"wrappy": "1"
			}
		},
		"p-limit": {
			"version": "2.3.0",
			"resolved": "https://registry.npmjs.org/p-limit/-/p-limit-2.3.0.tgz",
			"integrity": "sha512-//88mFWSJx8lxCzwdAABTJL2MyWB12+eIY7MDL2SqLmAkeKU9qxRvWuSyTjm3FUmpBEMuFfckAIqEaVGUDxb6w==",
			"dev": true,
			"requires": {
				"p-try": "^2.0.0"
			}
		},
		"p-locate": {
			"version": "4.1.0",
			"resolved": "https://registry.npmjs.org/p-locate/-/p-locate-4.1.0.tgz",
			"integrity": "sha512-R79ZZ/0wAxKGu3oYMlz8jy/kbhsNrS7SKZ7PxEHBgJ5+F2mtFW2fK2cOtBh1cHYkQsbzFV7I+EoRKe6Yt0oK7A==",
			"dev": true,
			"requires": {
				"p-limit": "^2.2.0"
			}
		},
		"p-try": {
			"version": "2.2.0",
			"resolved": "https://registry.npmjs.org/p-try/-/p-try-2.2.0.tgz",
			"integrity": "sha512-R4nPAVTAU0B9D35/Gk3uJf/7XYbQcyohSKdvAxIRSNghFl4e71hVoGnBNQz9cWaXxO2I10KTC+3jMdvvoKw6dQ==",
			"dev": true
		},
		"parse-headers": {
			"version": "2.0.3",
			"resolved": "https://registry.npmjs.org/parse-headers/-/parse-headers-2.0.3.tgz",
			"integrity": "sha512-QhhZ+DCCit2Coi2vmAKbq5RGTRcQUOE2+REgv8vdyu7MnYx2eZztegqtTx99TZ86GTIwqiy3+4nQTWZ2tgmdCA=="
		},
		"path-exists": {
			"version": "4.0.0",
			"resolved": "https://registry.npmjs.org/path-exists/-/path-exists-4.0.0.tgz",
			"integrity": "sha512-ak9Qy5Q7jYb2Wwcey5Fpvg2KoAc/ZIhLSLOSBmRmygPsGwkVVt0fZa0qrtMz+m6tJTAHfZQ8FnmB4MG4LWy7/w==",
			"dev": true
		},
		"path-is-absolute": {
			"version": "1.0.1",
			"resolved": "https://registry.npmjs.org/path-is-absolute/-/path-is-absolute-1.0.1.tgz",
			"integrity": "sha1-F0uSaHNVNP+8es5r9TpanhtcX18=",
			"dev": true
		},
		"path-to-regexp": {
			"version": "1.8.0",
			"resolved": "https://registry.npmjs.org/path-to-regexp/-/path-to-regexp-1.8.0.tgz",
			"integrity": "sha512-n43JRhlUKUAlibEJhPeir1ncUID16QnEjNpwzNdO3Lm4ywrBpBZ5oLD0I6br9evr1Y9JTqwRtAh7JLoOzAQdVA==",
			"requires": {
				"isarray": "0.0.1"
			}
		},
		"pify": {
			"version": "2.3.0",
			"resolved": "https://registry.npmjs.org/pify/-/pify-2.3.0.tgz",
			"integrity": "sha1-7RQaasBDqEnqWISY59yosVMw6Qw=",
			"dev": true
		},
		"pinkie": {
			"version": "2.0.4",
			"resolved": "https://registry.npmjs.org/pinkie/-/pinkie-2.0.4.tgz",
			"integrity": "sha1-clVrgM+g1IqXToDnckjoDtT3+HA=",
			"dev": true
		},
		"pinkie-promise": {
			"version": "2.0.1",
			"resolved": "https://registry.npmjs.org/pinkie-promise/-/pinkie-promise-2.0.1.tgz",
			"integrity": "sha1-ITXW36ejWMBprJsXh3YogihFD/o=",
			"dev": true,
			"requires": {
				"pinkie": "^2.0.0"
			}
		},
		"pkg-dir": {
			"version": "4.2.0",
			"resolved": "https://registry.npmjs.org/pkg-dir/-/pkg-dir-4.2.0.tgz",
			"integrity": "sha512-HRDzbaKjC+AOWVXxAU/x54COGeIv9eb+6CkDSQoNTt4XyWoIJvuPsXizxu/Fr23EiekbtZwmh1IcIG/l/a10GQ==",
			"dev": true,
			"requires": {
				"find-up": "^4.0.0"
			}
		},
		"process": {
			"version": "0.11.10",
			"resolved": "https://registry.npmjs.org/process/-/process-0.11.10.tgz",
			"integrity": "sha1-czIwDoQBYb2j5podHZGn1LwW8YI="
		},
		"promise": {
			"version": "7.3.1",
			"resolved": "https://registry.npmjs.org/promise/-/promise-7.3.1.tgz",
			"integrity": "sha512-nolQXZ/4L+bP/UGlkfaIujX9BKxGwmQ9OT4mOt5yvy8iK1h3wqTEJCijzGANTCCl9nWjY41juyAn2K3Q1hLLTg==",
			"requires": {
				"asap": "~2.0.3"
			}
		},
		"prop-types": {
			"version": "15.7.2",
			"resolved": "https://registry.npmjs.org/prop-types/-/prop-types-15.7.2.tgz",
			"integrity": "sha512-8QQikdH7//R2vurIJSutZ1smHYTcLpRWEOlHnzcWHmBYrOGUysKwSsrC89BCiFj3CbrfJ/nXFdJepOVrY1GCHQ==",
			"requires": {
				"loose-envify": "^1.4.0",
				"object-assign": "^4.1.1",
				"react-is": "^16.8.1"
			},
			"dependencies": {
				"react-is": {
					"version": "16.13.1",
					"resolved": "https://registry.npmjs.org/react-is/-/react-is-16.13.1.tgz",
					"integrity": "sha512-24e6ynE2H+OKt4kqsOvNd8kBpV65zoxbA4BVsEOB3ARVWQki/DHzaUoC5KuON/BiccDaCCTZBuOcfZs70kR8bQ=="
				}
			}
		},
		"property-expr": {
			"version": "2.0.4",
			"resolved": "https://registry.npmjs.org/property-expr/-/property-expr-2.0.4.tgz",
			"integrity": "sha512-sFPkHQjVKheDNnPvotjQmm3KD3uk1fWKUN7CrpdbwmUx3CrG3QiM8QpTSimvig5vTXmTvjz7+TDvXOI9+4rkcg=="
		},
		"ramda": {
			"version": "0.24.1",
			"resolved": "https://registry.npmjs.org/ramda/-/ramda-0.24.1.tgz",
			"integrity": "sha1-w7d1UZfzW43DUCIoJixMkd22uFc="
		},
		"react": {
			"version": "17.0.2",
			"resolved": "https://registry.npmjs.org/react/-/react-17.0.2.tgz",
			"integrity": "sha512-gnhPt75i/dq/z3/6q/0asP78D0u592D5L1pd7M8P+dck6Fu/jJeL6iVVK23fptSUZj8Vjf++7wXA8UNclGQcbA==",
			"requires": {
				"loose-envify": "^1.1.0",
				"object-assign": "^4.1.1"
			}
		},
		"react-dom": {
			"version": "17.0.2",
			"resolved": "https://registry.npmjs.org/react-dom/-/react-dom-17.0.2.tgz",
			"integrity": "sha512-s4h96KtLDUQlsENhMn1ar8t2bEa+q/YAtj8pPPdIjPDGBDIVNsrD9aXNWqspUe6AzKCIG0C1HZZLqLV7qpOBGA==",
			"requires": {
				"loose-envify": "^1.1.0",
				"object-assign": "^4.1.1",
				"scheduler": "^0.20.2"
			}
		},
		"react-fast-compare": {
			"version": "3.2.0",
			"resolved": "https://registry.npmjs.org/react-fast-compare/-/react-fast-compare-3.2.0.tgz",
			"integrity": "sha512-rtGImPZ0YyLrscKI9xTpV8psd6I8VAtjKCzQDlzyDvqJA8XOW78TXYQwNRNd8g8JZnDu8q9Fu/1v4HPAVwVdHA=="
		},
		"react-feather": {
			"version": "2.0.9",
			"resolved": "https://registry.npmjs.org/react-feather/-/react-feather-2.0.9.tgz",
			"integrity": "sha512-yMfCGRkZdXwIs23Zw/zIWCJO3m3tlaUvtHiXlW+3FH7cIT6fiK1iJ7RJWugXq7Fso8ZaQyUm92/GOOHXvkiVUw==",
			"requires": {
				"prop-types": "^15.7.2"
			}
		},
		"react-hls-player": {
			"version": "3.0.1",
			"resolved": "https://registry.npmjs.org/react-hls-player/-/react-hls-player-3.0.1.tgz",
			"integrity": "sha512-AeunMCcx4z5x9SnnBrpsHIe3fqKRGRTbzrJIoIHNxSE4JE5bz4RoMsGs6kE/EOQizoNUCZICFwqypK5qOjhoQg==",
			"requires": {
				"hls.js": "^0.14.17"
			}
		},
		"react-hot-loader": {
			"version": "4.13.0",
			"resolved": "https://registry.npmjs.org/react-hot-loader/-/react-hot-loader-4.13.0.tgz",
			"integrity": "sha512-JrLlvUPqh6wIkrK2hZDfOyq/Uh/WeVEr8nc7hkn2/3Ul0sx1Kr5y4kOGNacNRoj7RhwLNcQ3Udf1KJXrqc0ZtA==",
			"requires": {
				"fast-levenshtein": "^2.0.6",
				"global": "^4.3.0",
				"hoist-non-react-statics": "^3.3.0",
				"loader-utils": "^1.1.0",
				"prop-types": "^15.6.1",
				"react-lifecycles-compat": "^3.0.4",
				"shallowequal": "^1.1.0",
				"source-map": "^0.7.3"
			},
			"dependencies": {
				"hoist-non-react-statics": {
					"version": "3.3.2",
					"resolved": "https://registry.npmjs.org/hoist-non-react-statics/-/hoist-non-react-statics-3.3.2.tgz",
					"integrity": "sha512-/gGivxi8JPKWNm/W0jSmzcMPpfpPLc3dY/6GxhX2hQ9iGj3aDfklV4ET7NjKpSinLpJ5vafa9iiGIEZg10SfBw==",
					"requires": {
						"react-is": "^16.7.0"
					}
				},
				"react-is": {
					"version": "16.13.1",
					"resolved": "https://registry.npmjs.org/react-is/-/react-is-16.13.1.tgz",
					"integrity": "sha512-24e6ynE2H+OKt4kqsOvNd8kBpV65zoxbA4BVsEOB3ARVWQki/DHzaUoC5KuON/BiccDaCCTZBuOcfZs70kR8bQ=="
				}
			}
		},
		"react-is": {
			"version": "17.0.2",
			"resolved": "https://registry.npmjs.org/react-is/-/react-is-17.0.2.tgz",
			"integrity": "sha512-w2GsyukL62IJnlaff/nRegPQR94C/XXamvMWmSHRJ4y7Ts/4ocGRmTHvOs8PSE6pB3dWOrD/nueuU5sduBsQ4w=="
		},
		"react-lifecycles-compat": {
			"version": "3.0.4",
			"resolved": "https://registry.npmjs.org/react-lifecycles-compat/-/react-lifecycles-compat-3.0.4.tgz",
			"integrity": "sha512-fBASbA6LnOU9dOU2eW7aQ8xmYBSXUIWr+UmF9b1efZBazGNO+rcXT/icdKnYm2pTwcRylVUYwW7H1PHfLekVzA=="
		},
		"react-player": {
			"version": "2.9.0",
			"resolved": "https://registry.npmjs.org/react-player/-/react-player-2.9.0.tgz",
			"integrity": "sha512-jNUkTfMmUhwPPAktAdIqiBcVUKsFKrVGH6Ocutj6535CNfM91yrvWxHg6fvIX8Y/fjYUPoejddwh7qboNV9vGA==",
			"requires": {
				"deepmerge": "^4.0.0",
				"load-script": "^1.0.0",
				"memoize-one": "^5.1.1",
				"prop-types": "^15.7.2",
				"react-fast-compare": "^3.0.1"
			}
		},
		"react-redux": {
			"version": "7.2.4",
			"resolved": "https://registry.npmjs.org/react-redux/-/react-redux-7.2.4.tgz",
			"integrity": "sha512-hOQ5eOSkEJEXdpIKbnRyl04LhaWabkDPV+Ix97wqQX3T3d2NQ8DUblNXXtNMavc7DpswyQM6xfaN4HQDKNY2JA==",
			"requires": {
				"@babel/runtime": "^7.12.1",
				"@types/react-redux": "^7.1.16",
				"hoist-non-react-statics": "^3.3.2",
				"loose-envify": "^1.4.0",
				"prop-types": "^15.7.2",
				"react-is": "^16.13.1"
			},
			"dependencies": {
				"hoist-non-react-statics": {
					"version": "3.3.2",
					"resolved": "https://registry.npmjs.org/hoist-non-react-statics/-/hoist-non-react-statics-3.3.2.tgz",
					"integrity": "sha512-/gGivxi8JPKWNm/W0jSmzcMPpfpPLc3dY/6GxhX2hQ9iGj3aDfklV4ET7NjKpSinLpJ5vafa9iiGIEZg10SfBw==",
					"requires": {
						"react-is": "^16.7.0"
					}
				},
				"react-is": {
					"version": "16.13.1",
					"resolved": "https://registry.npmjs.org/react-is/-/react-is-16.13.1.tgz",
					"integrity": "sha512-24e6ynE2H+OKt4kqsOvNd8kBpV65zoxbA4BVsEOB3ARVWQki/DHzaUoC5KuON/BiccDaCCTZBuOcfZs70kR8bQ=="
				}
			}
		},
		"react-router": {
			"version": "5.2.0",
			"resolved": "https://registry.npmjs.org/react-router/-/react-router-5.2.0.tgz",
			"integrity": "sha512-smz1DUuFHRKdcJC0jobGo8cVbhO3x50tCL4icacOlcwDOEQPq4TMqwx3sY1TP+DvtTgz4nm3thuo7A+BK2U0Dw==",
			"requires": {
				"@babel/runtime": "^7.1.2",
				"history": "^4.9.0",
				"hoist-non-react-statics": "^3.1.0",
				"loose-envify": "^1.3.1",
				"mini-create-react-context": "^0.4.0",
				"path-to-regexp": "^1.7.0",
				"prop-types": "^15.6.2",
				"react-is": "^16.6.0",
				"tiny-invariant": "^1.0.2",
				"tiny-warning": "^1.0.0"
			},
			"dependencies": {
				"hoist-non-react-statics": {
					"version": "3.3.2",
					"resolved": "https://registry.npmjs.org/hoist-non-react-statics/-/hoist-non-react-statics-3.3.2.tgz",
					"integrity": "sha512-/gGivxi8JPKWNm/W0jSmzcMPpfpPLc3dY/6GxhX2hQ9iGj3aDfklV4ET7NjKpSinLpJ5vafa9iiGIEZg10SfBw==",
					"requires": {
						"react-is": "^16.7.0"
					}
				},
				"react-is": {
					"version": "16.13.1",
					"resolved": "https://registry.npmjs.org/react-is/-/react-is-16.13.1.tgz",
					"integrity": "sha512-24e6ynE2H+OKt4kqsOvNd8kBpV65zoxbA4BVsEOB3ARVWQki/DHzaUoC5KuON/BiccDaCCTZBuOcfZs70kR8bQ=="
				}
			}
		},
		"react-router-dom": {
			"version": "5.2.0",
			"resolved": "https://registry.npmjs.org/react-router-dom/-/react-router-dom-5.2.0.tgz",
			"integrity": "sha512-gxAmfylo2QUjcwxI63RhQ5G85Qqt4voZpUXSEqCwykV0baaOTQDR1f0PmY8AELqIyVc0NEZUj0Gov5lNGcXgsA==",
			"requires": {
				"@babel/runtime": "^7.1.2",
				"history": "^4.9.0",
				"loose-envify": "^1.3.1",
				"prop-types": "^15.6.2",
				"react-router": "5.2.0",
				"tiny-invariant": "^1.0.2",
				"tiny-warning": "^1.0.0"
			}
		},
		"react-slick": {
			"version": "0.28.1",
			"resolved": "https://registry.npmjs.org/react-slick/-/react-slick-0.28.1.tgz",
			"integrity": "sha512-JwRQXoWGJRbUTE7eZI1rGIHaXX/4YuwX6gn7ulfvUZ4vFDVQAA25HcsHSYaUiRCduTr6rskyIuyPMpuG6bbluw==",
			"requires": {
				"classnames": "^2.2.5",
				"enquire.js": "^2.1.6",
				"json2mq": "^0.2.0",
				"lodash.debounce": "^4.0.8",
				"resize-observer-polyfill": "^1.5.0"
			}
		},
		"reactjs-localstorage": {
			"version": "1.0.1",
			"resolved": "https://registry.npmjs.org/reactjs-localstorage/-/reactjs-localstorage-1.0.1.tgz",
			"integrity": "sha512-eNSwfiVyVDhfjw9h83PBvgqQcFxmyK6KGPrPlutuaaTlALRZVQLZ0MAN72iU9UT+bKtscwtdogHQ2ikZ7rjT+w=="
		},
		"recompose": {
			"version": "0.30.0",
			"resolved": "https://registry.npmjs.org/recompose/-/recompose-0.30.0.tgz",
			"integrity": "sha512-ZTrzzUDa9AqUIhRk4KmVFihH0rapdCSMFXjhHbNrjAWxBuUD/guYlyysMnuHjlZC/KRiOKRtB4jf96yYSkKE8w==",
			"requires": {
				"@babel/runtime": "^7.0.0",
				"change-emitter": "^0.1.2",
				"fbjs": "^0.8.1",
				"hoist-non-react-statics": "^2.3.1",
				"react-lifecycles-compat": "^3.0.2",
				"symbol-observable": "^1.0.4"
			}
		},
		"redux": {
			"version": "4.1.0",
			"resolved": "https://registry.npmjs.org/redux/-/redux-4.1.0.tgz",
			"integrity": "sha512-uI2dQN43zqLWCt6B/BMGRMY6db7TTY4qeHHfGeKb3EOhmOKjU3KdWvNLJyqaHRksv/ErdNH7cFZWg9jXtewy4g==",
			"requires": {
				"@babel/runtime": "^7.9.2"
			}
		},
		"redux-thunk": {
			"version": "2.3.0",
			"resolved": "https://registry.npmjs.org/redux-thunk/-/redux-thunk-2.3.0.tgz",
			"integrity": "sha512-km6dclyFnmcvxhAcrQV2AkZmPQjzPDjgVlQtR0EQjxZPyJ0BnMf3in1ryuR8A2qU0HldVRfxYXbFSKlI3N7Slw=="
		},
		"regenerator-runtime": {
			"version": "0.13.7",
			"resolved": "https://registry.npmjs.org/regenerator-runtime/-/regenerator-runtime-0.13.7.tgz",
			"integrity": "sha512-a54FxoJDIr27pgf7IgeQGxmqUNYrcV338lf/6gH456HZ/PhX+5BcwHXG9ajESmwe6WRO0tAzRUrRmNONWgkrew=="
		},
		"resize-observer-polyfill": {
			"version": "1.5.1",
			"resolved": "https://registry.npmjs.org/resize-observer-polyfill/-/resize-observer-polyfill-1.5.1.tgz",
			"integrity": "sha512-LwZrotdHOo12nQuZlHEmtuXdqGoOD0OhaxopaNFxWzInpEgaLWoVuAMbTzixuosCx2nEG58ngzW3vxdWoxIgdg=="
		},
		"resolve-pathname": {
			"version": "3.0.0",
			"resolved": "https://registry.npmjs.org/resolve-pathname/-/resolve-pathname-3.0.0.tgz",
			"integrity": "sha512-C7rARubxI8bXFNB/hqcp/4iUeIXJhJZvFPFPiSPRnhU5UPxzMFIl+2E6yY6c4k9giDJAhtV+enfA+G89N6Csng=="
		},
		"safer-buffer": {
			"version": "2.1.2",
			"resolved": "https://registry.npmjs.org/safer-buffer/-/safer-buffer-2.1.2.tgz",
			"integrity": "sha512-YZo3K82SD7Riyi0E1EQPojLz7kpepnSQI9IyPbHHg1XXXevb5dJI7tpyN2ADxGcQbHG7vcyRHk0cbwqcQriUtg=="
		},
		"scheduler": {
			"version": "0.20.2",
			"resolved": "https://registry.npmjs.org/scheduler/-/scheduler-0.20.2.tgz",
			"integrity": "sha512-2eWfGgAqqWFGqtdMmcL5zCMK1U8KlXv8SQFGglL3CEtd0aDVDWgeF/YoCmvln55m5zSk3J/20hTaSBeSObsQDQ==",
			"requires": {
				"loose-envify": "^1.1.0",
				"object-assign": "^4.1.1"
			}
		},
		"screenfull": {
			"version": "5.1.0",
			"resolved": "https://registry.npmjs.org/screenfull/-/screenfull-5.1.0.tgz",
			"integrity": "sha512-dYaNuOdzr+kc6J6CFcBrzkLCfyGcMg+gWkJ8us93IQ7y1cevhQAugFsaCdMHb6lw8KV3xPzSxzH7zM1dQap9mA==",
			"dev": true
		},
		"semver": {
			"version": "6.3.0",
			"resolved": "https://registry.npmjs.org/semver/-/semver-6.3.0.tgz",
			"integrity": "sha512-b39TBaTSfV6yBrapU89p5fKekE2m/NwnDocOVruQFS1/veMgdzuPcnOM34M6CwxW8jH/lxEa5rBoDeUwu5HHTw==",
			"dev": true
		},
		"setimmediate": {
			"version": "1.0.5",
			"resolved": "https://registry.npmjs.org/setimmediate/-/setimmediate-1.0.5.tgz",
			"integrity": "sha1-KQy7Iy4waULX1+qbg3Mqt4VvgoU="
		},
		"shallowequal": {
			"version": "1.1.0",
			"resolved": "https://registry.npmjs.org/shallowequal/-/shallowequal-1.1.0.tgz",
			"integrity": "sha512-y0m1JoUZSlPAjXVtPPW70aZWfIL/dSP7AFkRnniLCrK/8MDKog3TySTBmckD+RObVxH0v4Tox67+F14PdED2oQ=="
		},
		"slick-carousel": {
			"version": "1.8.1",
			"resolved": "https://registry.npmjs.org/slick-carousel/-/slick-carousel-1.8.1.tgz",
			"integrity": "sha512-XB9Ftrf2EEKfzoQXt3Nitrt/IPbT+f1fgqBdoxO3W/+JYvtEOW6EgxnWfr9GH6nmULv7Y2tPmEX3koxThVmebA=="
		},
		"source-map": {
			"version": "0.7.3",
			"resolved": "https://registry.npmjs.org/source-map/-/source-map-0.7.3.tgz",
			"integrity": "sha512-CkCj6giN3S+n9qrYiBTX5gystlENnRW5jZeNLHpe6aue+SrHcG5VYwujhW9s4dY31mEGsxBDrHR6oI69fTXsaQ=="
		},
		"string-convert": {
			"version": "0.2.1",
			"resolved": "https://registry.npmjs.org/string-convert/-/string-convert-0.2.1.tgz",
			"integrity": "sha1-aYLMMEn7tM2F+LJFaLnZvznu/5c="
		},
		"strip-outer": {
			"version": "1.0.1",
			"resolved": "https://registry.npmjs.org/strip-outer/-/strip-outer-1.0.1.tgz",
			"integrity": "sha512-k55yxKHwaXnpYGsOzg4Vl8+tDrWylxDEpknGjhTiZB8dFRU5rTo9CAzeycivxV3s+zlTKwrs6WxMxR95n26kwg==",
			"dev": true,
			"requires": {
				"escape-string-regexp": "^1.0.2"
			}
		},
		"symbol-observable": {
			"version": "1.2.0",
			"resolved": "https://registry.npmjs.org/symbol-observable/-/symbol-observable-1.2.0.tgz",
			"integrity": "sha512-e900nM8RRtGhlV36KGEU9k65K3mPb1WV70OdjfxlG2EAuM1noi/E/BaW/uMhL7bPEssK8QV57vN3esixjUvcXQ=="
		},
		"tiny-invariant": {
			"version": "1.1.0",
			"resolved": "https://registry.npmjs.org/tiny-invariant/-/tiny-invariant-1.1.0.tgz",
			"integrity": "sha512-ytxQvrb1cPc9WBEI/HSeYYoGD0kWnGEOR8RY6KomWLBVhqz0RgTwVO9dLrGz7dC+nN9llyI7OKAgRq8Vq4ZBSw=="
		},
		"tiny-warning": {
			"version": "1.0.3",
			"resolved": "https://registry.npmjs.org/tiny-warning/-/tiny-warning-1.0.3.tgz",
			"integrity": "sha512-lBN9zLN/oAf68o3zNXYrdCt1kP8WsiGW8Oo2ka41b2IM5JL/S1CTyX1rW0mb/zSuJun0ZUrDxx4sqvYS2FWzPA=="
		},
		"toposort": {
			"version": "2.0.2",
			"resolved": "https://registry.npmjs.org/toposort/-/toposort-2.0.2.tgz",
			"integrity": "sha1-riF2gXXRVZ1IvvNUILL0li8JwzA="
		},
		"trim-repeated": {
			"version": "1.0.0",
			"resolved": "https://registry.npmjs.org/trim-repeated/-/trim-repeated-1.0.0.tgz",
			"integrity": "sha1-42RqLqTokTEr9+rObPsFOAvAHCE=",
			"dev": true,
			"requires": {
				"escape-string-regexp": "^1.0.2"
			}
		},
		"ua-parser-js": {
			"version": "0.7.28",
			"resolved": "https://registry.npmjs.org/ua-parser-js/-/ua-parser-js-0.7.28.tgz",
			"integrity": "sha512-6Gurc1n//gjp9eQNXjD9O3M/sMwVtN5S8Lv9bvOYBfKfDNiIIhqiyi01vMBO45u4zkDE420w/e0se7Vs+sIg+g=="
		},
		"universalify": {
			"version": "0.1.2",
			"resolved": "https://registry.npmjs.org/universalify/-/universalify-0.1.2.tgz",
			"integrity": "sha512-rBJeI5CXAlmy1pV+617WB9J63U6XcazHHF2f2dbJix4XzpUF0RS3Zbj0FGIOCAva5P/d/GBOYaACQ1w+0azUkg==",
			"dev": true
		},
		"url-toolkit": {
			"version": "2.2.2",
			"resolved": "https://registry.npmjs.org/url-toolkit/-/url-toolkit-2.2.2.tgz",
			"integrity": "sha512-l25w6Sy+Iy3/IbogunxhWwljPaDnqpiKvrQRoLBm6DfISco7NyRIS7Zf6+Oxhy1T8kHxWdwLND7ZZba6NjXMug=="
		},
		"value-equal": {
			"version": "1.0.1",
			"resolved": "https://registry.npmjs.org/value-equal/-/value-equal-1.0.1.tgz",
			"integrity": "sha512-NOJ6JZCAWr0zlxZt+xqCHNTEKOsrks2HQd4MqhP1qy4z1SkbEP467eNx6TgDKXMvUOb+OENfJCZwM+16n7fRfw=="
		},
		"warning": {
			"version": "4.0.3",
			"resolved": "https://registry.npmjs.org/warning/-/warning-4.0.3.tgz",
			"integrity": "sha512-rpJyN222KWIvHJ/F53XSZv0Zl/accqHR8et1kpaMTD/fLCRxtV8iX8czMzY7sVZupTI3zcUTg8eycS2kNF9l6w==",
			"requires": {
				"loose-envify": "^1.0.0"
			}
		},
		"whatwg-fetch": {
			"version": "3.6.2",
			"resolved": "https://registry.npmjs.org/whatwg-fetch/-/whatwg-fetch-3.6.2.tgz",
			"integrity": "sha512-bJlen0FcuU/0EMLrdbJ7zOnW6ITZLrZMIarMUVmdKtsGvZna8vxKYaexICWPfZ8qwf9fzNq+UEIZrnSaApt6RA=="
		},
		"wrappy": {
			"version": "1.0.2",
			"resolved": "https://registry.npmjs.org/wrappy/-/wrappy-1.0.2.tgz",
			"integrity": "sha1-tSQ9jz7BqjXxNkYFvA0QNuMKtp8=",
			"dev": true
		},
		"xhr": {
			"version": "2.6.0",
			"resolved": "https://registry.npmjs.org/xhr/-/xhr-2.6.0.tgz",
			"integrity": "sha512-/eCGLb5rxjx5e3mF1A7s+pLlR6CGyqWN91fv1JgER5mVWg1MZmlhBvy9kjcsOdRk8RrIujotWyJamfyrp+WIcA==",
			"requires": {
				"global": "~4.4.0",
				"is-function": "^1.0.1",
				"parse-headers": "^2.0.0",
				"xtend": "^4.0.0"
			}
		},
		"xtend": {
			"version": "4.0.2",
			"resolved": "https://registry.npmjs.org/xtend/-/xtend-4.0.2.tgz",
			"integrity": "sha512-LKYU1iAXJXUgAXn9URjiu+MWhyUXHsvfp7mcuYm9dSUKK0/CjtrUwFAxD82/mCWbtLsGjFIad0wIsod4zrTAEQ=="
		},
		"yup": {
			"version": "0.32.9",
			"resolved": "https://registry.npmjs.org/yup/-/yup-0.32.9.tgz",
			"integrity": "sha512-Ci1qN+i2H0XpY7syDQ0k5zKQ/DoxO0LzPg8PAR/X4Mpj6DqaeCoIYEEjDJwhArh3Fa7GWbQQVDZKeXYlSH4JMg==",
			"requires": {
				"@babel/runtime": "^7.10.5",
				"@types/lodash": "^4.14.165",
				"lodash": "^4.17.20",
				"lodash-es": "^4.17.15",
				"nanoclone": "^0.2.1",
				"property-expr": "^2.0.4",
				"toposort": "^2.0.2"
			}
		}
	}
}
